
Microsoft Visual Studio Solution File, Format Version 12.00
# Visual Studio Version 17
VisualStudioVersion = 17.6.33829.357
MinimumVisualStudioVersion = 10.0.40219.1
Project("{2150E333-8FDC-42A3-9474-1A3956D46DE8}") = "Common", "Common", "{0D4FF79D-9E4C-4664-8B0F-CA916FDB5224}"
EndProject
Project("{9A19103F-16F7-4668-BE54-9A1E7A4F7556}") = "Common.Application", "Common\Common.Application\Common.Application.csproj", "{A3624EF4-FE6D-4E3C-9570-B2ECF8AEFC54}"
EndProject
Project("{9A19103F-16F7-4668-BE54-9A1E7A4F7556}") = "Common.AspNetCore", "Common\Common.AspNetCore\Common.AspNetCore.csproj", "{45E6853D-B6F8-4EE7-84B1-204D342317B7}"
EndProject
Project("{9A19103F-16F7-4668-BE54-9A1E7A4F7556}") = "Common.ChachHelper", "Common\Common.ChachHelper\Common.ChachHelper.csproj", "{47B4678A-50C9-4340-B9F2-DE70E86F07A6}"
EndProject
Project("{9A19103F-16F7-4668-BE54-9A1E7A4F7556}") = "Common.Domain", "Common\Common.Domain\Common.Domain.csproj", "{127DD052-1F75-4082-9BCE-53813A8F8CE7}"
EndProject
Project("{9A19103F-16F7-4668-BE54-9A1E7A4F7556}") = "Common.Query", "Common\Common.Query\Common.Query.csproj", "{A9CF4B05-2733-4496-A392-B2EF17176858}"
EndProject
Project("{2150E333-8FDC-42A3-9474-1A3956D46DE8}") = "Doctor", "Doctor", "{2214C6EF-C464-4C2B-8D5B-0ADAD8D5F972}"
EndProject
Project("{9A19103F-16F7-4668-BE54-9A1E7A4F7556}") = "Doctor.Application", "Doctor\Doctor.Application\Doctor.Application.csproj", "{66FA3BBB-D574-4127-B414-0F7DA8FDCA19}"
EndProject
Project("{9A19103F-16F7-4668-BE54-9A1E7A4F7556}") = "Doctor.Config", "Doctor\Doctor.Config\Doctor.Config.csproj", "{0880D9F0-4D81-40FB-869A-A0E8914BD97B}"
EndProject
Project("{9A19103F-16F7-4668-BE54-9A1E7A4F7556}") = "Doctor.Domain", "Doctor\Doctor.Domain\Doctor.Domain.csproj", "{3DC10AEF-0C4D-43FE-8DC0-23FD1AE732E1}"
EndProject
Project("{9A19103F-16F7-4668-BE54-9A1E7A4F7556}") = "Doctor.Infrastructure", "Doctor\Doctor.Infrastructure\Doctor.Infrastructure.csproj", "{F07E6337-668B-44EC-A60E-E1D579D5C025}"
EndProject
Project("{9A19103F-16F7-4668-BE54-9A1E7A4F7556}") = "Doctor.Presentation.Facade", "Doctor\Doctor.Presentation.Facade\Doctor.Presentation.Facade.csproj", "{8EF0D374-080A-47DE-AF6D-03F1FBB63C4B}"
EndProject
Project("{9A19103F-16F7-4668-BE54-9A1E7A4F7556}") = "Doctor.Query", "Doctor\Doctor.Query\Doctor.Query.csproj", "{CBE7DE6C-8CFA-4B11-9E57-65958AE0F761}"
EndProject
Project("{2150E333-8FDC-42A3-9474-1A3956D46DE8}") = "Endpoints", "Endpoints", "{3BC3375D-08EE-4E42-8911-4B2789DFF9B0}"
EndProject
Project("{9A19103F-16F7-4668-BE54-9A1E7A4F7556}") = "Doctor.Api", "Doctor\Endpoints\Doctor.Api\Doctor.Api.csproj", "{1A4A804F-47EE-4847-9EFB-CA6950B2EDE8}"
EndProject
Project("{2150E333-8FDC-42A3-9474-1A3956D46DE8}") = "Tests", "Tests", "{6562AC5C-4ABD-4F6A-B1AA-5BA14D02AC24}"
EndProject
Project("{9A19103F-16F7-4668-BE54-9A1E7A4F7556}") = "Doctor.Domain.Test.Unit", "Tests\Doctor.Domain.Test.Unit\Doctor.Domain.Test.Unit.csproj", "{53C8DD9E-2234-421D-A087-2970B9CADDD1}"
EndProject
Project("{9A19103F-16F7-4668-BE54-9A1E7A4F7556}") = "Doctor.Application.Test.Unit", "Tests\Doctor.Application.Test.Unit\Doctor.Application.Test.Unit.csproj", "{AC57D243-6828-4D36-A1D4-7A73CDB118FE}"
EndProject
Project("{FAE04EC0-301F-11D3-BF4B-00C04F79EFBC}") = "Doctor.Query.Test.Unit", "Tests\Doctor.Query.Test.Unit\Doctor.Query.Test.Unit.csproj", "{537761E2-E37B-4A03-B1AE-F5A78F7B047A}"
EndProject
Project("{FAE04EC0-301F-11D3-BF4B-00C04F79EFBC}") = "Doctor.Api.Test.Unit", "Tests\Doctor.Api.Test.Unit\Doctor.Api.Test.Unit.csproj", "{768AB146-4EFD-4308-A3EC-CFE602DB4511}"
EndProject
Global
	GlobalSection(SolutionConfigurationPlatforms) = preSolution
		Debug|Any CPU = Debug|Any CPU
		Release|Any CPU = Release|Any CPU
	EndGlobalSection
	GlobalSection(ProjectConfigurationPlatforms) = postSolution
		{A3624EF4-FE6D-4E3C-9570-B2ECF8AEFC54}.Debug|Any CPU.ActiveCfg = Debug|Any CPU
		{A3624EF4-FE6D-4E3C-9570-B2ECF8AEFC54}.Debug|Any CPU.Build.0 = Debug|Any CPU
		{A3624EF4-FE6D-4E3C-9570-B2ECF8AEFC54}.Release|Any CPU.ActiveCfg = Release|Any CPU
		{A3624EF4-FE6D-4E3C-9570-B2ECF8AEFC54}.Release|Any CPU.Build.0 = Release|Any CPU
		{45E6853D-B6F8-4EE7-84B1-204D342317B7}.Debug|Any CPU.ActiveCfg = Debug|Any CPU
		{45E6853D-B6F8-4EE7-84B1-204D342317B7}.Debug|Any CPU.Build.0 = Debug|Any CPU
		{45E6853D-B6F8-4EE7-84B1-204D342317B7}.Release|Any CPU.ActiveCfg = Release|Any CPU
		{45E6853D-B6F8-4EE7-84B1-204D342317B7}.Release|Any CPU.Build.0 = Release|Any CPU
		{47B4678A-50C9-4340-B9F2-DE70E86F07A6}.Debug|Any CPU.ActiveCfg = Debug|Any CPU
		{47B4678A-50C9-4340-B9F2-DE70E86F07A6}.Debug|Any CPU.Build.0 = Debug|Any CPU
		{47B4678A-50C9-4340-B9F2-DE70E86F07A6}.Release|Any CPU.ActiveCfg = Release|Any CPU
		{47B4678A-50C9-4340-B9F2-DE70E86F07A6}.Release|Any CPU.Build.0 = Release|Any CPU
		{127DD052-1F75-4082-9BCE-53813A8F8CE7}.Debug|Any CPU.ActiveCfg = Debug|Any CPU
		{127DD052-1F75-4082-9BCE-53813A8F8CE7}.Debug|Any CPU.Build.0 = Debug|Any CPU
		{127DD052-1F75-4082-9BCE-53813A8F8CE7}.Release|Any CPU.ActiveCfg = Release|Any CPU
		{127DD052-1F75-4082-9BCE-53813A8F8CE7}.Release|Any CPU.Build.0 = Release|Any CPU
		{A9CF4B05-2733-4496-A392-B2EF17176858}.Debug|Any CPU.ActiveCfg = Debug|Any CPU
		{A9CF4B05-2733-4496-A392-B2EF17176858}.Debug|Any CPU.Build.0 = Debug|Any CPU
		{A9CF4B05-2733-4496-A392-B2EF17176858}.Release|Any CPU.ActiveCfg = Release|Any CPU
		{A9CF4B05-2733-4496-A392-B2EF17176858}.Release|Any CPU.Build.0 = Release|Any CPU
		{66FA3BBB-D574-4127-B414-0F7DA8FDCA19}.Debug|Any CPU.ActiveCfg = Debug|Any CPU
		{66FA3BBB-D574-4127-B414-0F7DA8FDCA19}.Debug|Any CPU.Build.0 = Debug|Any CPU
		{66FA3BBB-D574-4127-B414-0F7DA8FDCA19}.Release|Any CPU.ActiveCfg = Release|Any CPU
		{66FA3BBB-D574-4127-B414-0F7DA8FDCA19}.Release|Any CPU.Build.0 = Release|Any CPU
		{0880D9F0-4D81-40FB-869A-A0E8914BD97B}.Debug|Any CPU.ActiveCfg = Debug|Any CPU
		{0880D9F0-4D81-40FB-869A-A0E8914BD97B}.Debug|Any CPU.Build.0 = Debug|Any CPU
		{0880D9F0-4D81-40FB-869A-A0E8914BD97B}.Release|Any CPU.ActiveCfg = Release|Any CPU
		{0880D9F0-4D81-40FB-869A-A0E8914BD97B}.Release|Any CPU.Build.0 = Release|Any CPU
		{3DC10AEF-0C4D-43FE-8DC0-23FD1AE732E1}.Debug|Any CPU.ActiveCfg = Debug|Any CPU
		{3DC10AEF-0C4D-43FE-8DC0-23FD1AE732E1}.Debug|Any CPU.Build.0 = Debug|Any CPU
		{3DC10AEF-0C4D-43FE-8DC0-23FD1AE732E1}.Release|Any CPU.ActiveCfg = Release|Any CPU
		{3DC10AEF-0C4D-43FE-8DC0-23FD1AE732E1}.Release|Any CPU.Build.0 = Release|Any CPU
		{F07E6337-668B-44EC-A60E-E1D579D5C025}.Debug|Any CPU.ActiveCfg = Debug|Any CPU
		{F07E6337-668B-44EC-A60E-E1D579D5C025}.Debug|Any CPU.Build.0 = Debug|Any CPU
		{F07E6337-668B-44EC-A60E-E1D579D5C025}.Release|Any CPU.ActiveCfg = Release|Any CPU
		{F07E6337-668B-44EC-A60E-E1D579D5C025}.Release|Any CPU.Build.0 = Release|Any CPU
		{8EF0D374-080A-47DE-AF6D-03F1FBB63C4B}.Debug|Any CPU.ActiveCfg = Debug|Any CPU
		{8EF0D374-080A-47DE-AF6D-03F1FBB63C4B}.Debug|Any CPU.Build.0 = Debug|Any CPU
		{8EF0D374-080A-47DE-AF6D-03F1FBB63C4B}.Release|Any CPU.ActiveCfg = Release|Any CPU
		{8EF0D374-080A-47DE-AF6D-03F1FBB63C4B}.Release|Any CPU.Build.0 = Release|Any CPU
		{CBE7DE6C-8CFA-4B11-9E57-65958AE0F761}.Debug|Any CPU.ActiveCfg = Debug|Any CPU
		{CBE7DE6C-8CFA-4B11-9E57-65958AE0F761}.Debug|Any CPU.Build.0 = Debug|Any CPU
		{CBE7DE6C-8CFA-4B11-9E57-65958AE0F761}.Release|Any CPU.ActiveCfg = Release|Any CPU
		{CBE7DE6C-8CFA-4B11-9E57-65958AE0F761}.Release|Any CPU.Build.0 = Release|Any CPU
		{1A4A804F-47EE-4847-9EFB-CA6950B2EDE8}.Debug|Any CPU.ActiveCfg = Debug|Any CPU
		{1A4A804F-47EE-4847-9EFB-CA6950B2EDE8}.Debug|Any CPU.Build.0 = Debug|Any CPU
		{1A4A804F-47EE-4847-9EFB-CA6950B2EDE8}.Release|Any CPU.ActiveCfg = Release|Any CPU
		{1A4A804F-47EE-4847-9EFB-CA6950B2EDE8}.Release|Any CPU.Build.0 = Release|Any CPU
		{53C8DD9E-2234-421D-A087-2970B9CADDD1}.Debug|Any CPU.ActiveCfg = Debug|Any CPU
		{53C8DD9E-2234-421D-A087-2970B9CADDD1}.Debug|Any CPU.Build.0 = Debug|Any CPU
		{53C8DD9E-2234-421D-A087-2970B9CADDD1}.Release|Any CPU.ActiveCfg = Release|Any CPU
		{53C8DD9E-2234-421D-A087-2970B9CADDD1}.Release|Any CPU.Build.0 = Release|Any CPU
		{AC57D243-6828-4D36-A1D4-7A73CDB118FE}.Debug|Any CPU.ActiveCfg = Debug|Any CPU
		{AC57D243-6828-4D36-A1D4-7A73CDB118FE}.Debug|Any CPU.Build.0 = Debug|Any CPU
		{AC57D243-6828-4D36-A1D4-7A73CDB118FE}.Release|Any CPU.ActiveCfg = Release|Any CPU
		{AC57D243-6828-4D36-A1D4-7A73CDB118FE}.Release|Any CPU.Build.0 = Release|Any CPU
		{537761E2-E37B-4A03-B1AE-F5A78F7B047A}.Debug|Any CPU.ActiveCfg = Debug|Any CPU
		{537761E2-E37B-4A03-B1AE-F5A78F7B047A}.Debug|Any CPU.Build.0 = Debug|Any CPU
		{537761E2-E37B-4A03-B1AE-F5A78F7B047A}.Release|Any CPU.ActiveCfg = Release|Any CPU
		{537761E2-E37B-4A03-B1AE-F5A78F7B047A}.Release|Any CPU.Build.0 = Release|Any CPU
		{768AB146-4EFD-4308-A3EC-CFE602DB4511}.Debug|Any CPU.ActiveCfg = Debug|Any CPU
		{768AB146-4EFD-4308-A3EC-CFE602DB4511}.Debug|Any CPU.Build.0 = Debug|Any CPU
		{768AB146-4EFD-4308-A3EC-CFE602DB4511}.Release|Any CPU.ActiveCfg = Release|Any CPU
		{768AB146-4EFD-4308-A3EC-CFE602DB4511}.Release|Any CPU.Build.0 = Release|Any CPU
	EndGlobalSection
	GlobalSection(SolutionProperties) = preSolution
		HideSolutionNode = FALSE
	EndGlobalSection
	GlobalSection(NestedProjects) = preSolution
		{A3624EF4-FE6D-4E3C-9570-B2ECF8AEFC54} = {0D4FF79D-9E4C-4664-8B0F-CA916FDB5224}
		{45E6853D-B6F8-4EE7-84B1-204D342317B7} = {0D4FF79D-9E4C-4664-8B0F-CA916FDB5224}
		{47B4678A-50C9-4340-B9F2-DE70E86F07A6} = {0D4FF79D-9E4C-4664-8B0F-CA916FDB5224}
		{127DD052-1F75-4082-9BCE-53813A8F8CE7} = {0D4FF79D-9E4C-4664-8B0F-CA916FDB5224}
		{A9CF4B05-2733-4496-A392-B2EF17176858} = {0D4FF79D-9E4C-4664-8B0F-CA916FDB5224}
		{66FA3BBB-D574-4127-B414-0F7DA8FDCA19} = {2214C6EF-C464-4C2B-8D5B-0ADAD8D5F972}
		{0880D9F0-4D81-40FB-869A-A0E8914BD97B} = {2214C6EF-C464-4C2B-8D5B-0ADAD8D5F972}
		{3DC10AEF-0C4D-43FE-8DC0-23FD1AE732E1} = {2214C6EF-C464-4C2B-8D5B-0ADAD8D5F972}
		{F07E6337-668B-44EC-A60E-E1D579D5C025} = {2214C6EF-C464-4C2B-8D5B-0ADAD8D5F972}
		{8EF0D374-080A-47DE-AF6D-03F1FBB63C4B} = {2214C6EF-C464-4C2B-8D5B-0ADAD8D5F972}
		{CBE7DE6C-8CFA-4B11-9E57-65958AE0F761} = {2214C6EF-C464-4C2B-8D5B-0ADAD8D5F972}
		{3BC3375D-08EE-4E42-8911-4B2789DFF9B0} = {2214C6EF-C464-4C2B-8D5B-0ADAD8D5F972}
		{1A4A804F-47EE-4847-9EFB-CA6950B2EDE8} = {3BC3375D-08EE-4E42-8911-4B2789DFF9B0}
		{53C8DD9E-2234-421D-A087-2970B9CADDD1} = {6562AC5C-4ABD-4F6A-B1AA-5BA14D02AC24}
		{AC57D243-6828-4D36-A1D4-7A73CDB118FE} = {6562AC5C-4ABD-4F6A-B1AA-5BA14D02AC24}
		{537761E2-E37B-4A03-B1AE-F5A78F7B047A} = {6562AC5C-4ABD-4F6A-B1AA-5BA14D02AC24}
		{768AB146-4EFD-4308-A3EC-CFE602DB4511} = {6562AC5C-4ABD-4F6A-B1AA-5BA14D02AC24}
	EndGlobalSection
	GlobalSection(ExtensibilityGlobals) = postSolution
		SolutionGuid = {400C0A63-4DEC-46A8-943D-4E72092792B7}
	EndGlobalSection
EndGlobal
